
Microsoft Visual Studio Solution File, Format Version 12.00
# Visual Studio Version 16
VisualStudioVersion = 16.0.31911.196
MinimumVisualStudioVersion = 10.0.40219.1
Project("{8BC9CEB8-8B4A-11D0-8D11-00A0C91BC942}") = "Templates", "Templates\Templates.vcxproj", "{147362BC-9EAC-4410-B84C-4C8EAD7F6323}"
EndProject
Global
	GlobalSection(SolutionConfigurationPlatforms) = preSolution
		Debug|x64 = Debug|x64
		Debug|x86 = Debug|x86
		Release|x64 = Release|x64
		Release|x86 = Release|x86
	EndGlobalSection
	GlobalSection(ProjectConfigurationPlatforms) = postSolution
		{147362BC-9EAC-4410-B84C-4C8EAD7F6323}.Debug|x64.ActiveCfg = Debug|x64
		{147362BC-9EAC-4410-B84C-4C8EAD7F6323}.Debug|x64.Build.0 = Debug|x64
		{147362BC-9EAC-4410-B84C-4C8EAD7F6323}.Debug|x86.ActiveCfg = Debug|Win32
		{147362BC-9EAC-4410-B84C-4C8EAD7F6323}.Debug|x86.Build.0 = Debug|Win32
		{147362BC-9EAC-4410-B84C-4C8EAD7F6323}.Release|x64.ActiveCfg = Release|x64
		{147362BC-9EAC-4410-B84C-4C8EAD7F6323}.Release|x64.Build.0 = Release|x64
		{147362BC-9EAC-4410-B84C-4C8EAD7F6323}.Release|x86.ActiveCfg = Release|Win32
		{147362BC-9EAC-4410-B84C-4C8EAD7F6323}.Release|x86.Build.0 = Release|Win32
	EndGlobalSection
	GlobalSection(SolutionProperties) = preSolution
		HideSolutionNode = FALSE
	EndGlobalSection
	GlobalSection(ExtensibilityGlobals) = postSolution
		SolutionGuid = {41064AC7-8CAB-4D62-9CA7-1AA8403ADAEE}
	EndGlobalSection
EndGlobal
